
Microsoft Visual Studio Solution File, Format Version 12.00
# Visual Studio Version 17
VisualStudioVersion = 17.6.33829.357
MinimumVisualStudioVersion = 10.0.40219.1
Project("{9A19103F-16F7-4668-BE54-9A1E7A4F7556}") = "Count Real Numbers", "Count Real Numbers\Count Real Numbers.csproj", "{EC40C4C4-0A06-4784-9832-148B352B1F28}"
EndProject
Project("{FAE04EC0-301F-11D3-BF4B-00C04F79EFBC}") = "Add Occurrences", "Add Occurrences\Add Occurrences.csproj", "{60338921-5028-4C11-A6B1-CC28725AA55B}"
EndProject
Project("{FAE04EC0-301F-11D3-BF4B-00C04F79EFBC}") = "Word Synonyms", "Word Synonyms\Word Synonyms.csproj", "{6A4D6F15-78FB-42FF-8224-3724050A707D}"
EndProject
Project("{FAE04EC0-301F-11D3-BF4B-00C04F79EFBC}") = "Word Filter", "Word Filter\Word Filter.csproj", "{754CAFE7-1FAB-4A51-A92A-98AB0D958BA9}"
EndProject
Global
	GlobalSection(SolutionConfigurationPlatforms) = preSolution
		Debug|Any CPU = Debug|Any CPU
		Release|Any CPU = Release|Any CPU
	EndGlobalSection
	GlobalSection(ProjectConfigurationPlatforms) = postSolution
		{EC40C4C4-0A06-4784-9832-148B352B1F28}.Debug|Any CPU.ActiveCfg = Debug|Any CPU
		{EC40C4C4-0A06-4784-9832-148B352B1F28}.Debug|Any CPU.Build.0 = Debug|Any CPU
		{EC40C4C4-0A06-4784-9832-148B352B1F28}.Release|Any CPU.ActiveCfg = Release|Any CPU
		{EC40C4C4-0A06-4784-9832-148B352B1F28}.Release|Any CPU.Build.0 = Release|Any CPU
		{60338921-5028-4C11-A6B1-CC28725AA55B}.Debug|Any CPU.ActiveCfg = Debug|Any CPU
		{60338921-5028-4C11-A6B1-CC28725AA55B}.Debug|Any CPU.Build.0 = Debug|Any CPU
		{60338921-5028-4C11-A6B1-CC28725AA55B}.Release|Any CPU.ActiveCfg = Release|Any CPU
		{60338921-5028-4C11-A6B1-CC28725AA55B}.Release|Any CPU.Build.0 = Release|Any CPU
		{6A4D6F15-78FB-42FF-8224-3724050A707D}.Debug|Any CPU.ActiveCfg = Debug|Any CPU
		{6A4D6F15-78FB-42FF-8224-3724050A707D}.Debug|Any CPU.Build.0 = Debug|Any CPU
		{6A4D6F15-78FB-42FF-8224-3724050A707D}.Release|Any CPU.ActiveCfg = Release|Any CPU
		{6A4D6F15-78FB-42FF-8224-3724050A707D}.Release|Any CPU.Build.0 = Release|Any CPU
		{754CAFE7-1FAB-4A51-A92A-98AB0D958BA9}.Debug|Any CPU.ActiveCfg = Debug|Any CPU
		{754CAFE7-1FAB-4A51-A92A-98AB0D958BA9}.Debug|Any CPU.Build.0 = Debug|Any CPU
		{754CAFE7-1FAB-4A51-A92A-98AB0D958BA9}.Release|Any CPU.ActiveCfg = Release|Any CPU
		{754CAFE7-1FAB-4A51-A92A-98AB0D958BA9}.Release|Any CPU.Build.0 = Release|Any CPU
	EndGlobalSection
	GlobalSection(SolutionProperties) = preSolution
		HideSolutionNode = FALSE
	EndGlobalSection
	GlobalSection(ExtensibilityGlobals) = postSolution
		SolutionGuid = {1E36EAA4-03ED-4DF1-B1A0-62E85B5055AC}
	EndGlobalSection
EndGlobal
